
Microsoft Visual Studio Solution File, Format Version 12.00
# Visual Studio Version 16
VisualStudioVersion = 16.0.29025.244
MinimumVisualStudioVersion = 10.0.40219.1
Project("{9A19103F-16F7-4668-BE54-9A1E7A4F7556}") = "ZackData.NetStandard", "ZackData.NetStandard\ZackData.NetStandard.csproj", "{F88163ED-8709-4BD7-B3B8-C71D8A71C860}"
EndProject
Project("{FAE04EC0-301F-11D3-BF4B-00C04F79EFBC}") = "Tests.NetCore", "Tests.NetCore\Tests.NetCore.csproj", "{1777F135-935D-4265-8130-20151FF2C1D0}"
EndProject
Global
	GlobalSection(SolutionConfigurationPlatforms) = preSolution
		Debug|Any CPU = Debug|Any CPU
		Release|Any CPU = Release|Any CPU
	EndGlobalSection
	GlobalSection(ProjectConfigurationPlatforms) = postSolution
		{F88163ED-8709-4BD7-B3B8-C71D8A71C860}.Debug|Any CPU.ActiveCfg = Debug|Any CPU
		{F88163ED-8709-4BD7-B3B8-C71D8A71C860}.Debug|Any CPU.Build.0 = Debug|Any CPU
		{F88163ED-8709-4BD7-B3B8-C71D8A71C860}.Release|Any CPU.ActiveCfg = Release|Any CPU
		{F88163ED-8709-4BD7-B3B8-C71D8A71C860}.Release|Any CPU.Build.0 = Release|Any CPU
		{1777F135-935D-4265-8130-20151FF2C1D0}.Debug|Any CPU.ActiveCfg = Debug|Any CPU
		{1777F135-935D-4265-8130-20151FF2C1D0}.Debug|Any CPU.Build.0 = Debug|Any CPU
		{1777F135-935D-4265-8130-20151FF2C1D0}.Release|Any CPU.ActiveCfg = Release|Any CPU
		{1777F135-935D-4265-8130-20151FF2C1D0}.Release|Any CPU.Build.0 = Release|Any CPU
	EndGlobalSection
	GlobalSection(SolutionProperties) = preSolution
		HideSolutionNode = FALSE
	EndGlobalSection
	GlobalSection(ExtensibilityGlobals) = postSolution
		SolutionGuid = {226038AE-07CF-4A24-A4FE-1E8C6D3E0E7A}
	EndGlobalSection
EndGlobal
